
Microsoft Visual Studio Solution File, Format Version 12.00
# Visual Studio 15
Project("{FAE04EC0-301F-11D3-BF4B-00C04F79EFBC}") = "UnityEngine.UI", "UnityEngine.UI.csproj", "{E819844A-28B1-8D97-81FD-DA09B8417482}"
EndProject
Project("{FAE04EC0-301F-11D3-BF4B-00C04F79EFBC}") = "Unity.XR.ARFoundation", "Unity.XR.ARFoundation.csproj", "{BC6DEF9B-CCE6-DAA4-01E3-3A6D7EA2C854}"
EndProject
Project("{FAE04EC0-301F-11D3-BF4B-00C04F79EFBC}") = "Unity.Services.Core.Telemetry", "Unity.Services.Core.Telemetry.csproj", "{51A04935-A9FD-E87E-23AA-C9AF0C8C877D}"
EndProject
Project("{FAE04EC0-301F-11D3-BF4B-00C04F79EFBC}") = "Unity.XR.ARSubsystems", "Unity.XR.ARSubsystems.csproj", "{BDA01261-D7A1-948A-5A92-28D726AD5E60}"
EndProject
Project("{FAE04EC0-301F-11D3-BF4B-00C04F79EFBC}") = "UnityEngine.TestRunner", "UnityEngine.TestRunner.csproj", "{CDD04759-4341-73F2-F665-0750DC9E85A0}"
EndProject
Project("{FAE04EC0-301F-11D3-BF4B-00C04F79EFBC}") = "Unity.InputSystem", "Unity.InputSystem.csproj", "{24053CFE-7005-817F-DDAB-65E42A8D90CD}"
EndProject
Project("{FAE04EC0-301F-11D3-BF4B-00C04F79EFBC}") = "Unity.VisualScripting.State", "Unity.VisualScripting.State.csproj", "{F30EDB1D-82C1-D1B2-8DD5-9755B2BEF0AE}"
EndProject
Project("{FAE04EC0-301F-11D3-BF4B-00C04F79EFBC}") = "Unity.VisualScripting.Flow", "Unity.VisualScripting.Flow.csproj", "{3ABFA81B-E686-AB3D-052D-C5245F618DCA}"
EndProject
Project("{FAE04EC0-301F-11D3-BF4B-00C04F79EFBC}") = "Unity.VisualScripting.Core", "Unity.VisualScripting.Core.csproj", "{2D1705C3-44A6-3A1F-CCF3-5663AB3368BC}"
EndProject
Project("{FAE04EC0-301F-11D3-BF4B-00C04F79EFBC}") = "SamplesScripts", "SamplesScripts.csproj", "{65637F01-1CCD-C63B-0DC4-793537FEC147}"
EndProject
Project("{FAE04EC0-301F-11D3-BF4B-00C04F79EFBC}") = "Unity.Services.Core.Environments.Internal", "Unity.Services.Core.Environments.Internal.csproj", "{DA553F76-7ACC-B2DC-589B-6D6C03FFA293}"
EndProject
Project("{FAE04EC0-301F-11D3-BF4B-00C04F79EFBC}") = "Unity.AI.Navigation", "Unity.AI.Navigation.csproj", "{48B1F563-D72E-CE9C-C4AF-8DC34E0FF085}"
EndProject
Project("{FAE04EC0-301F-11D3-BF4B-00C04F79EFBC}") = "Unity.TextMeshPro", "Unity.TextMeshPro.csproj", "{DDDEA3B2-BB8B-DB8A-2CCD-BC039CE4AB72}"
EndProject
Project("{FAE04EC0-301F-11D3-BF4B-00C04F79EFBC}") = "UnityEngine.Advertisements", "UnityEngine.Advertisements.csproj", "{B341764A-38CF-9F39-D19F-C06CA145ED4D}"
EndProject
Project("{FAE04EC0-301F-11D3-BF4B-00C04F79EFBC}") = "CommonScripts", "CommonScripts.csproj", "{C6F92E2E-A32C-A829-0DCE-38632CC6A41A}"
EndProject
Project("{FAE04EC0-301F-11D3-BF4B-00C04F79EFBC}") = "Unity.Services.Core.Environments", "Unity.Services.Core.Environments.csproj", "{B05DFBA7-E4FA-19D6-CB47-0A10560FC396}"
EndProject
Project("{FAE04EC0-301F-11D3-BF4B-00C04F79EFBC}") = "Assembly-CSharp", "Assembly-CSharp.csproj", "{1011A5DD-4EE8-4820-F703-486093382EC6}"
EndProject
Project("{FAE04EC0-301F-11D3-BF4B-00C04F79EFBC}") = "Unity.Services.Core.Internal", "Unity.Services.Core.Internal.csproj", "{A295CDA2-107F-24AB-6208-BF6B325D88E7}"
EndProject
Project("{FAE04EC0-301F-11D3-BF4B-00C04F79EFBC}") = "Unity.Services.Analytics", "Unity.Services.Analytics.csproj", "{F554852F-B89B-43C5-729F-BC790D5F0A98}"
EndProject
Project("{FAE04EC0-301F-11D3-BF4B-00C04F79EFBC}") = "Unity.XR.CoreUtils", "Unity.XR.CoreUtils.csproj", "{4AEAEF78-21E6-E91A-6665-5983C6F6F9ED}"
EndProject
Project("{FAE04EC0-301F-11D3-BF4B-00C04F79EFBC}") = "Unity.XR.OpenXR", "Unity.XR.OpenXR.csproj", "{165677BA-5BEA-8BFC-4284-DE294E5F3D67}"
EndProject
Project("{FAE04EC0-301F-11D3-BF4B-00C04F79EFBC}") = "Unity.Timeline", "Unity.Timeline.csproj", "{159B7067-D788-D137-1F69-D56E2F0BD274}"
EndProject
Project("{FAE04EC0-301F-11D3-BF4B-00C04F79EFBC}") = "VFXCore", "VFXCore.csproj", "{99088986-BE79-5E02-36D9-75C990EB0CFA}"
EndProject
Project("{FAE04EC0-301F-11D3-BF4B-00C04F79EFBC}") = "Unity.Services.Core.Scheduler", "Unity.Services.Core.Scheduler.csproj", "{7E1A857E-A109-B9C0-BD37-D2725FCB60B8}"
EndProject
Project("{FAE04EC0-301F-11D3-BF4B-00C04F79EFBC}") = "Unity.Services.Core.Device", "Unity.Services.Core.Device.csproj", "{16BEBD73-7976-18D0-F2F1-2D1C87C0E127}"
EndProject
Project("{FAE04EC0-301F-11D3-BF4B-00C04F79EFBC}") = "Unity.Services.Core.Analytics", "Unity.Services.Core.Analytics.csproj", "{F5C26410-208E-FF47-C709-BEE49A71656B}"
EndProject
Project("{FAE04EC0-301F-11D3-BF4B-00C04F79EFBC}") = "Unity.XR.Management", "Unity.XR.Management.csproj", "{F86DE0A7-C982-9DAE-68F1-E1686C359AFA}"
EndProject
Project("{FAE04EC0-301F-11D3-BF4B-00C04F79EFBC}") = "Unity.Analytics.DataPrivacy", "Unity.Analytics.DataPrivacy.csproj", "{2B9A085D-E6A3-0A6E-026E-F7C2577C238D}"
EndProject
Project("{FAE04EC0-301F-11D3-BF4B-00C04F79EFBC}") = "Unity.Services.Core.Configuration", "Unity.Services.Core.Configuration.csproj", "{F02BE137-6568-9FDF-70B4-6C3599CEB5D6}"
EndProject
Project("{FAE04EC0-301F-11D3-BF4B-00C04F79EFBC}") = "Unity.Services.Core.Threading", "Unity.Services.Core.Threading.csproj", "{1F36D97B-EFFB-A189-551F-5023E8FE7F6F}"
EndProject
Project("{FAE04EC0-301F-11D3-BF4B-00C04F79EFBC}") = "UnityEngine.SpatialTracking", "UnityEngine.SpatialTracking.csproj", "{DBB4A7C0-2F32-81F2-040A-2DD0057781C6}"
EndProject
Project("{FAE04EC0-301F-11D3-BF4B-00C04F79EFBC}") = "UnityEngine.XR.LegacyInputHelpers", "UnityEngine.XR.LegacyInputHelpers.csproj", "{24B72087-C2B2-7C59-8EBB-DB8CEB7BF650}"
EndProject
Project("{FAE04EC0-301F-11D3-BF4B-00C04F79EFBC}") = "Unity.Services.Core", "Unity.Services.Core.csproj", "{1FB89F99-865F-6DAC-B550-30AC5D32D2D2}"
EndProject
Project("{FAE04EC0-301F-11D3-BF4B-00C04F79EFBC}") = "Unity.Services.Core.Networking", "Unity.Services.Core.Networking.csproj", "{F01616E9-7E59-ECC4-415D-AB2D12EBC8B7}"
EndProject
Project("{FAE04EC0-301F-11D3-BF4B-00C04F79EFBC}") = "Unity.XR.OpenXR.Features.ConformanceAutomation", "Unity.XR.OpenXR.Features.ConformanceAutomation.csproj", "{5739715A-1D78-BA38-90BC-76057378A7AB}"
EndProject
Project("{FAE04EC0-301F-11D3-BF4B-00C04F79EFBC}") = "Unity.Services.Core.Registration", "Unity.Services.Core.Registration.csproj", "{FCE2501C-C65D-D3AD-8512-F97C47EDD7D5}"
EndProject
Project("{FAE04EC0-301F-11D3-BF4B-00C04F79EFBC}") = "Unity.XR.OpenXR.Features.MockRuntime", "Unity.XR.OpenXR.Features.MockRuntime.csproj", "{049740CC-A58A-E7A9-64F9-EC021C2EBC83}"
EndProject
Project("{FAE04EC0-301F-11D3-BF4B-00C04F79EFBC}") = "Unity.Subsystem.Registration", "Unity.Subsystem.Registration.csproj", "{0C945C1B-E259-0BEF-815B-632EBACF213F}"
EndProject
Project("{FAE04EC0-301F-11D3-BF4B-00C04F79EFBC}") = "Unity.XR.OpenXR.Features.MetaQuestSupport", "Unity.XR.OpenXR.Features.MetaQuestSupport.csproj", "{84FDDBCD-D79C-2993-71AB-D9BECD965E5E}"
EndProject
Project("{FAE04EC0-301F-11D3-BF4B-00C04F79EFBC}") = "Unity.XR.OpenXR.Features.RuntimeDebugger", "Unity.XR.OpenXR.Features.RuntimeDebugger.csproj", "{2839988A-FBCD-EEAA-5CEA-A17E41801137}"
EndProject
Project("{FAE04EC0-301F-11D3-BF4B-00C04F79EFBC}") = "Unity.XR.OpenXR.Features.OculusQuestSupport", "Unity.XR.OpenXR.Features.OculusQuestSupport.csproj", "{9696E22E-E9E9-3644-EA76-FD5788A82552}"
EndProject
Project("{FAE04EC0-301F-11D3-BF4B-00C04F79EFBC}") = "Unity.PlasticSCM.Editor", "Unity.PlasticSCM.Editor.csproj", "{4040AFBD-2443-2A99-7532-789D77774250}"
EndProject
Project("{FAE04EC0-301F-11D3-BF4B-00C04F79EFBC}") = "Unity.VisualScripting.Core.Editor", "Unity.VisualScripting.Core.Editor.csproj", "{25A0DA18-9812-D8E3-8A55-DFDA0917A79C}"
EndProject
Project("{FAE04EC0-301F-11D3-BF4B-00C04F79EFBC}") = "Unity.Timeline.Editor", "Unity.Timeline.Editor.csproj", "{263486C7-1EA8-B017-49AA-1BE3DB707AB2}"
EndProject
Project("{FAE04EC0-301F-11D3-BF4B-00C04F79EFBC}") = "Unity.TextMeshPro.Editor", "Unity.TextMeshPro.Editor.csproj", "{3DE852E6-62A8-42E2-642D-DA3D9F98C670}"
EndProject
Project("{FAE04EC0-301F-11D3-BF4B-00C04F79EFBC}") = "Unity.VisualScripting.SettingsProvider.Editor", "Unity.VisualScripting.SettingsProvider.Editor.csproj", "{2BC8EFE2-E861-4E51-DAE8-80680CF414A4}"
EndProject
Project("{FAE04EC0-301F-11D3-BF4B-00C04F79EFBC}") = "UnityEditor.TestRunner", "UnityEditor.TestRunner.csproj", "{962539C2-3532-49AA-E7A9-7921735EABCE}"
EndProject
Project("{FAE04EC0-301F-11D3-BF4B-00C04F79EFBC}") = "Unity.2D.Tilemap.Editor", "Unity.2D.Tilemap.Editor.csproj", "{343DE294-8EF8-4695-A0E0-EB776C807CB4}"
EndProject
Project("{FAE04EC0-301F-11D3-BF4B-00C04F79EFBC}") = "Unity.TestTools.CodeCoverage.Editor", "Unity.TestTools.CodeCoverage.Editor.csproj", "{5617CD7B-4FE8-7A02-3AA1-B7745FEDE034}"
EndProject
Project("{FAE04EC0-301F-11D3-BF4B-00C04F79EFBC}") = "Unity.VisualScripting.Flow.Editor", "Unity.VisualScripting.Flow.Editor.csproj", "{3829100E-1C21-900D-D103-19F23D29DF2A}"
EndProject
Project("{FAE04EC0-301F-11D3-BF4B-00C04F79EFBC}") = "Unity.Services.Core.Editor", "Unity.Services.Core.Editor.csproj", "{845CEA1E-A54C-50FB-5CFB-BA004D9DC480}"
EndProject
Project("{FAE04EC0-301F-11D3-BF4B-00C04F79EFBC}") = "UnityEngine.Advertisements.Editor", "UnityEngine.Advertisements.Editor.csproj", "{1E30BCA5-5A5D-7AAF-C6A5-3D6B71666599}"
EndProject
Project("{FAE04EC0-301F-11D3-BF4B-00C04F79EFBC}") = "Unity.Rider.Editor", "Unity.Rider.Editor.csproj", "{E1600B9B-399F-17D2-036E-81BE8C7DAF92}"
EndProject
Project("{FAE04EC0-301F-11D3-BF4B-00C04F79EFBC}") = "UnityEngine.Advertisements.DevX.Editor", "UnityEngine.Advertisements.DevX.Editor.csproj", "{D22E9815-8315-BEA0-48EC-18A0FB9C7554}"
EndProject
Project("{FAE04EC0-301F-11D3-BF4B-00C04F79EFBC}") = "Unity.Performance.Profile-Analyzer.Editor", "Unity.Performance.Profile-Analyzer.Editor.csproj", "{79994D74-1340-2684-D95B-53D59ACE3E96}"
EndProject
Project("{FAE04EC0-301F-11D3-BF4B-00C04F79EFBC}") = "Unity.XR.OpenXR.Features.OculusQuestSupport.Editor", "Unity.XR.OpenXR.Features.OculusQuestSupport.Editor.csproj", "{07243F60-62E7-D929-F24E-7AD73C560426}"
EndProject
Project("{FAE04EC0-301F-11D3-BF4B-00C04F79EFBC}") = "Unity.XR.Management.Editor", "Unity.XR.Management.Editor.csproj", "{C37A54FB-70AD-E125-AEE7-FC115675DF92}"
EndProject
Project("{FAE04EC0-301F-11D3-BF4B-00C04F79EFBC}") = "Unity.VSCode.Editor", "Unity.VSCode.Editor.csproj", "{A22AC8A9-A1DE-0AEC-0DEB-18F08EFD58EC}"
EndProject
Project("{FAE04EC0-301F-11D3-BF4B-00C04F79EFBC}") = "Unity.VisualStudio.Editor", "Unity.VisualStudio.Editor.csproj", "{00ADBBEC-C3F6-1FA8-FD90-757B92A37957}"
EndProject
Project("{FAE04EC0-301F-11D3-BF4B-00C04F79EFBC}") = "Unity.Services.Core.Environments.Editor", "Unity.Services.Core.Environments.Editor.csproj", "{789D94FD-BA86-6B21-3AB0-5BC2C32EDE0E}"
EndProject
Project("{FAE04EC0-301F-11D3-BF4B-00C04F79EFBC}") = "Unity.AI.Navigation.Editor.ConversionSystem", "Unity.AI.Navigation.Editor.ConversionSystem.csproj", "{2F600571-9975-B701-5F81-CCAE8C310586}"
EndProject
Project("{FAE04EC0-301F-11D3-BF4B-00C04F79EFBC}") = "Unity.TestTools.CodeCoverage.Editor.OpenCover.Model", "Unity.TestTools.CodeCoverage.Editor.OpenCover.Model.csproj", "{F82A7ABA-106B-5277-C38A-984F0B1439C7}"
EndProject
Project("{FAE04EC0-301F-11D3-BF4B-00C04F79EFBC}") = "Unity.Settings.Editor", "Unity.Settings.Editor.csproj", "{CA31545B-8660-FBDB-F968-D4B15DE076C8}"
EndProject
Project("{FAE04EC0-301F-11D3-BF4B-00C04F79EFBC}") = "UnityEditor.SpatialTracking", "UnityEditor.SpatialTracking.csproj", "{5F469DEF-ECF8-C271-B8ED-09E285A7FAFA}"
EndProject
Project("{FAE04EC0-301F-11D3-BF4B-00C04F79EFBC}") = "Unity.2D.Sprite.Editor", "Unity.2D.Sprite.Editor.csproj", "{F65FA5E6-3FDE-FD41-9C88-00EE8D86684B}"
EndProject
Project("{FAE04EC0-301F-11D3-BF4B-00C04F79EFBC}") = "Unity.XR.OpenXR.Editor", "Unity.XR.OpenXR.Editor.csproj", "{EA6212ED-AC2A-996B-76D2-579FF1446981}"
EndProject
Project("{FAE04EC0-301F-11D3-BF4B-00C04F79EFBC}") = "Unity.CollabProxy.Editor", "Unity.CollabProxy.Editor.csproj", "{F90A1D43-574B-9476-E3D3-FA0A8ABED7CA}"
EndProject
Project("{FAE04EC0-301F-11D3-BF4B-00C04F79EFBC}") = "Unity.XR.ARFoundation.Editor", "Unity.XR.ARFoundation.Editor.csproj", "{F2358429-B960-0424-89B1-B009B844E927}"
EndProject
Project("{FAE04EC0-301F-11D3-BF4B-00C04F79EFBC}") = "Unity.VisualScripting.State.Editor", "Unity.VisualScripting.State.Editor.csproj", "{87549CB9-1266-F464-DC27-F14B0FE87289}"
EndProject
Project("{FAE04EC0-301F-11D3-BF4B-00C04F79EFBC}") = "UnityEditor.UI", "UnityEditor.UI.csproj", "{B488EA6A-9A99-F5BB-81F0-1C9903F2814F}"
EndProject
Project("{FAE04EC0-301F-11D3-BF4B-00C04F79EFBC}") = "Unity.XR.CoreUtils.Editor", "Unity.XR.CoreUtils.Editor.csproj", "{DE2CD588-FE69-A760-2003-36C10C45306E}"
EndProject
Project("{FAE04EC0-301F-11D3-BF4B-00C04F79EFBC}") = "Unity.AI.Navigation.Updater", "Unity.AI.Navigation.Updater.csproj", "{E65AAAFB-7F21-DADC-9B07-55603F192C9C}"
EndProject
Project("{FAE04EC0-301F-11D3-BF4B-00C04F79EFBC}") = "UnityEditor.XR.LegacyInputHelpers", "UnityEditor.XR.LegacyInputHelpers.csproj", "{2FE6AAC4-A7AF-6BFE-549C-DE27F34CA8E8}"
EndProject
Project("{FAE04EC0-301F-11D3-BF4B-00C04F79EFBC}") = "Unity.XR.ARSubsystems.Editor", "Unity.XR.ARSubsystems.Editor.csproj", "{EE5F2A5B-EE1C-F0E1-399F-A9715960E0EE}"
EndProject
Project("{FAE04EC0-301F-11D3-BF4B-00C04F79EFBC}") = "Unity.Services.Core.Configuration.Editor", "Unity.Services.Core.Configuration.Editor.csproj", "{437DA88E-E575-5D16-C2B9-8E4CC2F9FA15}"
EndProject
Project("{FAE04EC0-301F-11D3-BF4B-00C04F79EFBC}") = "Unity.XR.OpenXR.Features.RuntimeDebugger.Editor", "Unity.XR.OpenXR.Features.RuntimeDebugger.Editor.csproj", "{23DFF570-AD2B-4F39-1DA3-E663CC105D04}"
EndProject
Project("{FAE04EC0-301F-11D3-BF4B-00C04F79EFBC}") = "Unity.XR.OpenXR.Features.MetaQuestSupport.Editor", "Unity.XR.OpenXR.Features.MetaQuestSupport.Editor.csproj", "{1D283038-7564-7C41-34EE-FEC364D430FB}"
EndProject
Project("{FAE04EC0-301F-11D3-BF4B-00C04F79EFBC}") = "Unity.TestTools.CodeCoverage.Editor.OpenCover.Mono.Reflection", "Unity.TestTools.CodeCoverage.Editor.OpenCover.Mono.Reflection.csproj", "{054EE548-B9D5-07DE-DA88-BF80C3E5BF16}"
EndProject
Project("{FAE04EC0-301F-11D3-BF4B-00C04F79EFBC}") = "Unity.Services.Analytics.Editor", "Unity.Services.Analytics.Editor.csproj", "{D1185EE6-2445-2E00-8D18-DEB3FD24A965}"
EndProject
Project("{FAE04EC0-301F-11D3-BF4B-00C04F79EFBC}") = "Unity.AI.Navigation.Editor", "Unity.AI.Navigation.Editor.csproj", "{746C9B4E-B270-5216-E32E-1D938AA8A42D}"
EndProject
Project("{FAE04EC0-301F-11D3-BF4B-00C04F79EFBC}") = "Analytics", "Analytics.csproj", "{BA1FC677-2BD3-74FA-16F0-1282340FB155}"
EndProject
Project("{FAE04EC0-301F-11D3-BF4B-00C04F79EFBC}") = "Unity.EditorCoroutines.Editor", "Unity.EditorCoroutines.Editor.csproj", "{3F017B6B-0324-2057-0838-15B787A95AB5}"
EndProject
Project("{FAE04EC0-301F-11D3-BF4B-00C04F79EFBC}") = "VuforiaVersionCheckerScripts", "VuforiaVersionCheckerScripts.csproj", "{4DC49B7F-98DD-6C7E-17CB-FAC16A6B0ADC}"
EndProject
Project("{FAE04EC0-301F-11D3-BF4B-00C04F79EFBC}") = "Unity.VisualScripting.Shared.Editor", "Unity.VisualScripting.Shared.Editor.csproj", "{8957F40D-9DFD-2D56-46AC-0BEDD5BA2C04}"
EndProject
Project("{FAE04EC0-301F-11D3-BF4B-00C04F79EFBC}") = "CommonEditor", "CommonEditor.csproj", "{BF54160B-B0F0-6F55-D965-AD22270F9C68}"
EndProject
Project("{FAE04EC0-301F-11D3-BF4B-00C04F79EFBC}") = "Assembly-CSharp-Editor", "Assembly-CSharp-Editor.csproj", "{D9770E40-BAD2-668D-4B5E-FB194FAC0A15}"
EndProject
Project("{FAE04EC0-301F-11D3-BF4B-00C04F79EFBC}") = "Unity.InternalAPIEditorBridge.005", "Unity.InternalAPIEditorBridge.005.csproj", "{32271029-66F9-E035-D4A8-56C0591F5385}"
EndProject
Global
	GlobalSection(SolutionConfigurationPlatforms) = preSolution
		Debug|Any CPU = Debug|Any CPU
		Release|Any CPU = Release|Any CPU
	EndGlobalSection
	GlobalSection(ProjectConfigurationPlatforms) = postSolution
		{E819844A-28B1-8D97-81FD-DA09B8417482}.Debug|Any CPU.ActiveCfg = Debug|Any CPU
		{E819844A-28B1-8D97-81FD-DA09B8417482}.Debug|Any CPU.Build.0 = Debug|Any CPU
		{E819844A-28B1-8D97-81FD-DA09B8417482}.Release|Any CPU.ActiveCfg = Release|Any CPU
		{E819844A-28B1-8D97-81FD-DA09B8417482}.Release|Any CPU.Build.0 = Release|Any CPU
		{BC6DEF9B-CCE6-DAA4-01E3-3A6D7EA2C854}.Debug|Any CPU.ActiveCfg = Debug|Any CPU
		{BC6DEF9B-CCE6-DAA4-01E3-3A6D7EA2C854}.Debug|Any CPU.Build.0 = Debug|Any CPU
		{BC6DEF9B-CCE6-DAA4-01E3-3A6D7EA2C854}.Release|Any CPU.ActiveCfg = Release|Any CPU
		{BC6DEF9B-CCE6-DAA4-01E3-3A6D7EA2C854}.Release|Any CPU.Build.0 = Release|Any CPU
		{51A04935-A9FD-E87E-23AA-C9AF0C8C877D}.Debug|Any CPU.ActiveCfg = Debug|Any CPU
		{51A04935-A9FD-E87E-23AA-C9AF0C8C877D}.Debug|Any CPU.Build.0 = Debug|Any CPU
		{51A04935-A9FD-E87E-23AA-C9AF0C8C877D}.Release|Any CPU.ActiveCfg = Release|Any CPU
		{51A04935-A9FD-E87E-23AA-C9AF0C8C877D}.Release|Any CPU.Build.0 = Release|Any CPU
		{BDA01261-D7A1-948A-5A92-28D726AD5E60}.Debug|Any CPU.ActiveCfg = Debug|Any CPU
		{BDA01261-D7A1-948A-5A92-28D726AD5E60}.Debug|Any CPU.Build.0 = Debug|Any CPU
		{BDA01261-D7A1-948A-5A92-28D726AD5E60}.Release|Any CPU.ActiveCfg = Release|Any CPU
		{BDA01261-D7A1-948A-5A92-28D726AD5E60}.Release|Any CPU.Build.0 = Release|Any CPU
		{CDD04759-4341-73F2-F665-0750DC9E85A0}.Debug|Any CPU.ActiveCfg = Debug|Any CPU
		{CDD04759-4341-73F2-F665-0750DC9E85A0}.Debug|Any CPU.Build.0 = Debug|Any CPU
		{CDD04759-4341-73F2-F665-0750DC9E85A0}.Release|Any CPU.ActiveCfg = Release|Any CPU
		{CDD04759-4341-73F2-F665-0750DC9E85A0}.Release|Any CPU.Build.0 = Release|Any CPU
		{24053CFE-7005-817F-DDAB-65E42A8D90CD}.Debug|Any CPU.ActiveCfg = Debug|Any CPU
		{24053CFE-7005-817F-DDAB-65E42A8D90CD}.Debug|Any CPU.Build.0 = Debug|Any CPU
		{24053CFE-7005-817F-DDAB-65E42A8D90CD}.Release|Any CPU.ActiveCfg = Release|Any CPU
		{24053CFE-7005-817F-DDAB-65E42A8D90CD}.Release|Any CPU.Build.0 = Release|Any CPU
		{F30EDB1D-82C1-D1B2-8DD5-9755B2BEF0AE}.Debug|Any CPU.ActiveCfg = Debug|Any CPU
		{F30EDB1D-82C1-D1B2-8DD5-9755B2BEF0AE}.Debug|Any CPU.Build.0 = Debug|Any CPU
		{F30EDB1D-82C1-D1B2-8DD5-9755B2BEF0AE}.Release|Any CPU.ActiveCfg = Release|Any CPU
		{F30EDB1D-82C1-D1B2-8DD5-9755B2BEF0AE}.Release|Any CPU.Build.0 = Release|Any CPU
		{3ABFA81B-E686-AB3D-052D-C5245F618DCA}.Debug|Any CPU.ActiveCfg = Debug|Any CPU
		{3ABFA81B-E686-AB3D-052D-C5245F618DCA}.Debug|Any CPU.Build.0 = Debug|Any CPU
		{3ABFA81B-E686-AB3D-052D-C5245F618DCA}.Release|Any CPU.ActiveCfg = Release|Any CPU
		{3ABFA81B-E686-AB3D-052D-C5245F618DCA}.Release|Any CPU.Build.0 = Release|Any CPU
		{2D1705C3-44A6-3A1F-CCF3-5663AB3368BC}.Debug|Any CPU.ActiveCfg = Debug|Any CPU
		{2D1705C3-44A6-3A1F-CCF3-5663AB3368BC}.Debug|Any CPU.Build.0 = Debug|Any CPU
		{2D1705C3-44A6-3A1F-CCF3-5663AB3368BC}.Release|Any CPU.ActiveCfg = Release|Any CPU
		{2D1705C3-44A6-3A1F-CCF3-5663AB3368BC}.Release|Any CPU.Build.0 = Release|Any CPU
		{65637F01-1CCD-C63B-0DC4-793537FEC147}.Debug|Any CPU.ActiveCfg = Debug|Any CPU
		{65637F01-1CCD-C63B-0DC4-793537FEC147}.Debug|Any CPU.Build.0 = Debug|Any CPU
		{65637F01-1CCD-C63B-0DC4-793537FEC147}.Release|Any CPU.ActiveCfg = Release|Any CPU
		{65637F01-1CCD-C63B-0DC4-793537FEC147}.Release|Any CPU.Build.0 = Release|Any CPU
		{DA553F76-7ACC-B2DC-589B-6D6C03FFA293}.Debug|Any CPU.ActiveCfg = Debug|Any CPU
		{DA553F76-7ACC-B2DC-589B-6D6C03FFA293}.Debug|Any CPU.Build.0 = Debug|Any CPU
		{DA553F76-7ACC-B2DC-589B-6D6C03FFA293}.Release|Any CPU.ActiveCfg = Release|Any CPU
		{DA553F76-7ACC-B2DC-589B-6D6C03FFA293}.Release|Any CPU.Build.0 = Release|Any CPU
		{48B1F563-D72E-CE9C-C4AF-8DC34E0FF085}.Debug|Any CPU.ActiveCfg = Debug|Any CPU
		{48B1F563-D72E-CE9C-C4AF-8DC34E0FF085}.Debug|Any CPU.Build.0 = Debug|Any CPU
		{48B1F563-D72E-CE9C-C4AF-8DC34E0FF085}.Release|Any CPU.ActiveCfg = Release|Any CPU
		{48B1F563-D72E-CE9C-C4AF-8DC34E0FF085}.Release|Any CPU.Build.0 = Release|Any CPU
		{DDDEA3B2-BB8B-DB8A-2CCD-BC039CE4AB72}.Debug|Any CPU.ActiveCfg = Debug|Any CPU
		{DDDEA3B2-BB8B-DB8A-2CCD-BC039CE4AB72}.Debug|Any CPU.Build.0 = Debug|Any CPU
		{DDDEA3B2-BB8B-DB8A-2CCD-BC039CE4AB72}.Release|Any CPU.ActiveCfg = Release|Any CPU
		{DDDEA3B2-BB8B-DB8A-2CCD-BC039CE4AB72}.Release|Any CPU.Build.0 = Release|Any CPU
		{B341764A-38CF-9F39-D19F-C06CA145ED4D}.Debug|Any CPU.ActiveCfg = Debug|Any CPU
		{B341764A-38CF-9F39-D19F-C06CA145ED4D}.Debug|Any CPU.Build.0 = Debug|Any CPU
		{B341764A-38CF-9F39-D19F-C06CA145ED4D}.Release|Any CPU.ActiveCfg = Release|Any CPU
		{B341764A-38CF-9F39-D19F-C06CA145ED4D}.Release|Any CPU.Build.0 = Release|Any CPU
		{C6F92E2E-A32C-A829-0DCE-38632CC6A41A}.Debug|Any CPU.ActiveCfg = Debug|Any CPU
		{C6F92E2E-A32C-A829-0DCE-38632CC6A41A}.Debug|Any CPU.Build.0 = Debug|Any CPU
		{C6F92E2E-A32C-A829-0DCE-38632CC6A41A}.Release|Any CPU.ActiveCfg = Release|Any CPU
		{C6F92E2E-A32C-A829-0DCE-38632CC6A41A}.Release|Any CPU.Build.0 = Release|Any CPU
		{B05DFBA7-E4FA-19D6-CB47-0A10560FC396}.Debug|Any CPU.ActiveCfg = Debug|Any CPU
		{B05DFBA7-E4FA-19D6-CB47-0A10560FC396}.Debug|Any CPU.Build.0 = Debug|Any CPU
		{B05DFBA7-E4FA-19D6-CB47-0A10560FC396}.Release|Any CPU.ActiveCfg = Release|Any CPU
		{B05DFBA7-E4FA-19D6-CB47-0A10560FC396}.Release|Any CPU.Build.0 = Release|Any CPU
		{1011A5DD-4EE8-4820-F703-486093382EC6}.Debug|Any CPU.ActiveCfg = Debug|Any CPU
		{1011A5DD-4EE8-4820-F703-486093382EC6}.Debug|Any CPU.Build.0 = Debug|Any CPU
		{1011A5DD-4EE8-4820-F703-486093382EC6}.Release|Any CPU.ActiveCfg = Release|Any CPU
		{1011A5DD-4EE8-4820-F703-486093382EC6}.Release|Any CPU.Build.0 = Release|Any CPU
		{A295CDA2-107F-24AB-6208-BF6B325D88E7}.Debug|Any CPU.ActiveCfg = Debug|Any CPU
		{A295CDA2-107F-24AB-6208-BF6B325D88E7}.Debug|Any CPU.Build.0 = Debug|Any CPU
		{A295CDA2-107F-24AB-6208-BF6B325D88E7}.Release|Any CPU.ActiveCfg = Release|Any CPU
		{A295CDA2-107F-24AB-6208-BF6B325D88E7}.Release|Any CPU.Build.0 = Release|Any CPU
		{F554852F-B89B-43C5-729F-BC790D5F0A98}.Debug|Any CPU.ActiveCfg = Debug|Any CPU
		{F554852F-B89B-43C5-729F-BC790D5F0A98}.Debug|Any CPU.Build.0 = Debug|Any CPU
		{F554852F-B89B-43C5-729F-BC790D5F0A98}.Release|Any CPU.ActiveCfg = Release|Any CPU
		{F554852F-B89B-43C5-729F-BC790D5F0A98}.Release|Any CPU.Build.0 = Release|Any CPU
		{4AEAEF78-21E6-E91A-6665-5983C6F6F9ED}.Debug|Any CPU.ActiveCfg = Debug|Any CPU
		{4AEAEF78-21E6-E91A-6665-5983C6F6F9ED}.Debug|Any CPU.Build.0 = Debug|Any CPU
		{4AEAEF78-21E6-E91A-6665-5983C6F6F9ED}.Release|Any CPU.ActiveCfg = Release|Any CPU
		{4AEAEF78-21E6-E91A-6665-5983C6F6F9ED}.Release|Any CPU.Build.0 = Release|Any CPU
		{165677BA-5BEA-8BFC-4284-DE294E5F3D67}.Debug|Any CPU.ActiveCfg = Debug|Any CPU
		{165677BA-5BEA-8BFC-4284-DE294E5F3D67}.Debug|Any CPU.Build.0 = Debug|Any CPU
		{165677BA-5BEA-8BFC-4284-DE294E5F3D67}.Release|Any CPU.ActiveCfg = Release|Any CPU
		{165677BA-5BEA-8BFC-4284-DE294E5F3D67}.Release|Any CPU.Build.0 = Release|Any CPU
		{159B7067-D788-D137-1F69-D56E2F0BD274}.Debug|Any CPU.ActiveCfg = Debug|Any CPU
		{159B7067-D788-D137-1F69-D56E2F0BD274}.Debug|Any CPU.Build.0 = Debug|Any CPU
		{159B7067-D788-D137-1F69-D56E2F0BD274}.Release|Any CPU.ActiveCfg = Release|Any CPU
		{159B7067-D788-D137-1F69-D56E2F0BD274}.Release|Any CPU.Build.0 = Release|Any CPU
		{99088986-BE79-5E02-36D9-75C990EB0CFA}.Debug|Any CPU.ActiveCfg = Debug|Any CPU
		{99088986-BE79-5E02-36D9-75C990EB0CFA}.Debug|Any CPU.Build.0 = Debug|Any CPU
		{99088986-BE79-5E02-36D9-75C990EB0CFA}.Release|Any CPU.ActiveCfg = Release|Any CPU
		{99088986-BE79-5E02-36D9-75C990EB0CFA}.Release|Any CPU.Build.0 = Release|Any CPU
		{7E1A857E-A109-B9C0-BD37-D2725FCB60B8}.Debug|Any CPU.ActiveCfg = Debug|Any CPU
		{7E1A857E-A109-B9C0-BD37-D2725FCB60B8}.Debug|Any CPU.Build.0 = Debug|Any CPU
		{7E1A857E-A109-B9C0-BD37-D2725FCB60B8}.Release|Any CPU.ActiveCfg = Release|Any CPU
		{7E1A857E-A109-B9C0-BD37-D2725FCB60B8}.Release|Any CPU.Build.0 = Release|Any CPU
		{16BEBD73-7976-18D0-F2F1-2D1C87C0E127}.Debug|Any CPU.ActiveCfg = Debug|Any CPU
		{16BEBD73-7976-18D0-F2F1-2D1C87C0E127}.Debug|Any CPU.Build.0 = Debug|Any CPU
		{16BEBD73-7976-18D0-F2F1-2D1C87C0E127}.Release|Any CPU.ActiveCfg = Release|Any CPU
		{16BEBD73-7976-18D0-F2F1-2D1C87C0E127}.Release|Any CPU.Build.0 = Release|Any CPU
		{F5C26410-208E-FF47-C709-BEE49A71656B}.Debug|Any CPU.ActiveCfg = Debug|Any CPU
		{F5C26410-208E-FF47-C709-BEE49A71656B}.Debug|Any CPU.Build.0 = Debug|Any CPU
		{F5C26410-208E-FF47-C709-BEE49A71656B}.Release|Any CPU.ActiveCfg = Release|Any CPU
		{F5C26410-208E-FF47-C709-BEE49A71656B}.Release|Any CPU.Build.0 = Release|Any CPU
		{F86DE0A7-C982-9DAE-68F1-E1686C359AFA}.Debug|Any CPU.ActiveCfg = Debug|Any CPU
		{F86DE0A7-C982-9DAE-68F1-E1686C359AFA}.Debug|Any CPU.Build.0 = Debug|Any CPU
		{F86DE0A7-C982-9DAE-68F1-E1686C359AFA}.Release|Any CPU.ActiveCfg = Release|Any CPU
		{F86DE0A7-C982-9DAE-68F1-E1686C359AFA}.Release|Any CPU.Build.0 = Release|Any CPU
		{2B9A085D-E6A3-0A6E-026E-F7C2577C238D}.Debug|Any CPU.ActiveCfg = Debug|Any CPU
		{2B9A085D-E6A3-0A6E-026E-F7C2577C238D}.Debug|Any CPU.Build.0 = Debug|Any CPU
		{2B9A085D-E6A3-0A6E-026E-F7C2577C238D}.Release|Any CPU.ActiveCfg = Release|Any CPU
		{2B9A085D-E6A3-0A6E-026E-F7C2577C238D}.Release|Any CPU.Build.0 = Release|Any CPU
		{F02BE137-6568-9FDF-70B4-6C3599CEB5D6}.Debug|Any CPU.ActiveCfg = Debug|Any CPU
		{F02BE137-6568-9FDF-70B4-6C3599CEB5D6}.Debug|Any CPU.Build.0 = Debug|Any CPU
		{F02BE137-6568-9FDF-70B4-6C3599CEB5D6}.Release|Any CPU.ActiveCfg = Release|Any CPU
		{F02BE137-6568-9FDF-70B4-6C3599CEB5D6}.Release|Any CPU.Build.0 = Release|Any CPU
		{1F36D97B-EFFB-A189-551F-5023E8FE7F6F}.Debug|Any CPU.ActiveCfg = Debug|Any CPU
		{1F36D97B-EFFB-A189-551F-5023E8FE7F6F}.Debug|Any CPU.Build.0 = Debug|Any CPU
		{1F36D97B-EFFB-A189-551F-5023E8FE7F6F}.Release|Any CPU.ActiveCfg = Release|Any CPU
		{1F36D97B-EFFB-A189-551F-5023E8FE7F6F}.Release|Any CPU.Build.0 = Release|Any CPU
		{DBB4A7C0-2F32-81F2-040A-2DD0057781C6}.Debug|Any CPU.ActiveCfg = Debug|Any CPU
		{DBB4A7C0-2F32-81F2-040A-2DD0057781C6}.Debug|Any CPU.Build.0 = Debug|Any CPU
		{DBB4A7C0-2F32-81F2-040A-2DD0057781C6}.Release|Any CPU.ActiveCfg = Release|Any CPU
		{DBB4A7C0-2F32-81F2-040A-2DD0057781C6}.Release|Any CPU.Build.0 = Release|Any CPU
		{24B72087-C2B2-7C59-8EBB-DB8CEB7BF650}.Debug|Any CPU.ActiveCfg = Debug|Any CPU
		{24B72087-C2B2-7C59-8EBB-DB8CEB7BF650}.Debug|Any CPU.Build.0 = Debug|Any CPU
		{24B72087-C2B2-7C59-8EBB-DB8CEB7BF650}.Release|Any CPU.ActiveCfg = Release|Any CPU
		{24B72087-C2B2-7C59-8EBB-DB8CEB7BF650}.Release|Any CPU.Build.0 = Release|Any CPU
		{1FB89F99-865F-6DAC-B550-30AC5D32D2D2}.Debug|Any CPU.ActiveCfg = Debug|Any CPU
		{1FB89F99-865F-6DAC-B550-30AC5D32D2D2}.Debug|Any CPU.Build.0 = Debug|Any CPU
		{1FB89F99-865F-6DAC-B550-30AC5D32D2D2}.Release|Any CPU.ActiveCfg = Release|Any CPU
		{1FB89F99-865F-6DAC-B550-30AC5D32D2D2}.Release|Any CPU.Build.0 = Release|Any CPU
		{F01616E9-7E59-ECC4-415D-AB2D12EBC8B7}.Debug|Any CPU.ActiveCfg = Debug|Any CPU
		{F01616E9-7E59-ECC4-415D-AB2D12EBC8B7}.Debug|Any CPU.Build.0 = Debug|Any CPU
		{F01616E9-7E59-ECC4-415D-AB2D12EBC8B7}.Release|Any CPU.ActiveCfg = Release|Any CPU
		{F01616E9-7E59-ECC4-415D-AB2D12EBC8B7}.Release|Any CPU.Build.0 = Release|Any CPU
		{5739715A-1D78-BA38-90BC-76057378A7AB}.Debug|Any CPU.ActiveCfg = Debug|Any CPU
		{5739715A-1D78-BA38-90BC-76057378A7AB}.Debug|Any CPU.Build.0 = Debug|Any CPU
		{5739715A-1D78-BA38-90BC-76057378A7AB}.Release|Any CPU.ActiveCfg = Release|Any CPU
		{5739715A-1D78-BA38-90BC-76057378A7AB}.Release|Any CPU.Build.0 = Release|Any CPU
		{FCE2501C-C65D-D3AD-8512-F97C47EDD7D5}.Debug|Any CPU.ActiveCfg = Debug|Any CPU
		{FCE2501C-C65D-D3AD-8512-F97C47EDD7D5}.Debug|Any CPU.Build.0 = Debug|Any CPU
		{FCE2501C-C65D-D3AD-8512-F97C47EDD7D5}.Release|Any CPU.ActiveCfg = Release|Any CPU
		{FCE2501C-C65D-D3AD-8512-F97C47EDD7D5}.Release|Any CPU.Build.0 = Release|Any CPU
		{049740CC-A58A-E7A9-64F9-EC021C2EBC83}.Debug|Any CPU.ActiveCfg = Debug|Any CPU
		{049740CC-A58A-E7A9-64F9-EC021C2EBC83}.Debug|Any CPU.Build.0 = Debug|Any CPU
		{049740CC-A58A-E7A9-64F9-EC021C2EBC83}.Release|Any CPU.ActiveCfg = Release|Any CPU
		{049740CC-A58A-E7A9-64F9-EC021C2EBC83}.Release|Any CPU.Build.0 = Release|Any CPU
		{0C945C1B-E259-0BEF-815B-632EBACF213F}.Debug|Any CPU.ActiveCfg = Debug|Any CPU
		{0C945C1B-E259-0BEF-815B-632EBACF213F}.Debug|Any CPU.Build.0 = Debug|Any CPU
		{0C945C1B-E259-0BEF-815B-632EBACF213F}.Release|Any CPU.ActiveCfg = Release|Any CPU
		{0C945C1B-E259-0BEF-815B-632EBACF213F}.Release|Any CPU.Build.0 = Release|Any CPU
		{84FDDBCD-D79C-2993-71AB-D9BECD965E5E}.Debug|Any CPU.ActiveCfg = Debug|Any CPU
		{84FDDBCD-D79C-2993-71AB-D9BECD965E5E}.Debug|Any CPU.Build.0 = Debug|Any CPU
		{84FDDBCD-D79C-2993-71AB-D9BECD965E5E}.Release|Any CPU.ActiveCfg = Release|Any CPU
		{84FDDBCD-D79C-2993-71AB-D9BECD965E5E}.Release|Any CPU.Build.0 = Release|Any CPU
		{2839988A-FBCD-EEAA-5CEA-A17E41801137}.Debug|Any CPU.ActiveCfg = Debug|Any CPU
		{2839988A-FBCD-EEAA-5CEA-A17E41801137}.Debug|Any CPU.Build.0 = Debug|Any CPU
		{2839988A-FBCD-EEAA-5CEA-A17E41801137}.Release|Any CPU.ActiveCfg = Release|Any CPU
		{2839988A-FBCD-EEAA-5CEA-A17E41801137}.Release|Any CPU.Build.0 = Release|Any CPU
		{9696E22E-E9E9-3644-EA76-FD5788A82552}.Debug|Any CPU.ActiveCfg = Debug|Any CPU
		{9696E22E-E9E9-3644-EA76-FD5788A82552}.Debug|Any CPU.Build.0 = Debug|Any CPU
		{9696E22E-E9E9-3644-EA76-FD5788A82552}.Release|Any CPU.ActiveCfg = Release|Any CPU
		{9696E22E-E9E9-3644-EA76-FD5788A82552}.Release|Any CPU.Build.0 = Release|Any CPU
		{4040AFBD-2443-2A99-7532-789D77774250}.Debug|Any CPU.ActiveCfg = Debug|Any CPU
		{4040AFBD-2443-2A99-7532-789D77774250}.Debug|Any CPU.Build.0 = Debug|Any CPU
		{4040AFBD-2443-2A99-7532-789D77774250}.Release|Any CPU.ActiveCfg = Release|Any CPU
		{4040AFBD-2443-2A99-7532-789D77774250}.Release|Any CPU.Build.0 = Release|Any CPU
		{25A0DA18-9812-D8E3-8A55-DFDA0917A79C}.Debug|Any CPU.ActiveCfg = Debug|Any CPU
		{25A0DA18-9812-D8E3-8A55-DFDA0917A79C}.Debug|Any CPU.Build.0 = Debug|Any CPU
		{25A0DA18-9812-D8E3-8A55-DFDA0917A79C}.Release|Any CPU.ActiveCfg = Release|Any CPU
		{25A0DA18-9812-D8E3-8A55-DFDA0917A79C}.Release|Any CPU.Build.0 = Release|Any CPU
		{263486C7-1EA8-B017-49AA-1BE3DB707AB2}.Debug|Any CPU.ActiveCfg = Debug|Any CPU
		{263486C7-1EA8-B017-49AA-1BE3DB707AB2}.Debug|Any CPU.Build.0 = Debug|Any CPU
		{263486C7-1EA8-B017-49AA-1BE3DB707AB2}.Release|Any CPU.ActiveCfg = Release|Any CPU
		{263486C7-1EA8-B017-49AA-1BE3DB707AB2}.Release|Any CPU.Build.0 = Release|Any CPU
		{3DE852E6-62A8-42E2-642D-DA3D9F98C670}.Debug|Any CPU.ActiveCfg = Debug|Any CPU
		{3DE852E6-62A8-42E2-642D-DA3D9F98C670}.Debug|Any CPU.Build.0 = Debug|Any CPU
		{3DE852E6-62A8-42E2-642D-DA3D9F98C670}.Release|Any CPU.ActiveCfg = Release|Any CPU
		{3DE852E6-62A8-42E2-642D-DA3D9F98C670}.Release|Any CPU.Build.0 = Release|Any CPU
		{2BC8EFE2-E861-4E51-DAE8-80680CF414A4}.Debug|Any CPU.ActiveCfg = Debug|Any CPU
		{2BC8EFE2-E861-4E51-DAE8-80680CF414A4}.Debug|Any CPU.Build.0 = Debug|Any CPU
		{2BC8EFE2-E861-4E51-DAE8-80680CF414A4}.Release|Any CPU.ActiveCfg = Release|Any CPU
		{2BC8EFE2-E861-4E51-DAE8-80680CF414A4}.Release|Any CPU.Build.0 = Release|Any CPU
		{962539C2-3532-49AA-E7A9-7921735EABCE}.Debug|Any CPU.ActiveCfg = Debug|Any CPU
		{962539C2-3532-49AA-E7A9-7921735EABCE}.Debug|Any CPU.Build.0 = Debug|Any CPU
		{962539C2-3532-49AA-E7A9-7921735EABCE}.Release|Any CPU.ActiveCfg = Release|Any CPU
		{962539C2-3532-49AA-E7A9-7921735EABCE}.Release|Any CPU.Build.0 = Release|Any CPU
		{343DE294-8EF8-4695-A0E0-EB776C807CB4}.Debug|Any CPU.ActiveCfg = Debug|Any CPU
		{343DE294-8EF8-4695-A0E0-EB776C807CB4}.Debug|Any CPU.Build.0 = Debug|Any CPU
		{343DE294-8EF8-4695-A0E0-EB776C807CB4}.Release|Any CPU.ActiveCfg = Release|Any CPU
		{343DE294-8EF8-4695-A0E0-EB776C807CB4}.Release|Any CPU.Build.0 = Release|Any CPU
		{5617CD7B-4FE8-7A02-3AA1-B7745FEDE034}.Debug|Any CPU.ActiveCfg = Debug|Any CPU
		{5617CD7B-4FE8-7A02-3AA1-B7745FEDE034}.Debug|Any CPU.Build.0 = Debug|Any CPU
		{5617CD7B-4FE8-7A02-3AA1-B7745FEDE034}.Release|Any CPU.ActiveCfg = Release|Any CPU
		{5617CD7B-4FE8-7A02-3AA1-B7745FEDE034}.Release|Any CPU.Build.0 = Release|Any CPU
		{3829100E-1C21-900D-D103-19F23D29DF2A}.Debug|Any CPU.ActiveCfg = Debug|Any CPU
		{3829100E-1C21-900D-D103-19F23D29DF2A}.Debug|Any CPU.Build.0 = Debug|Any CPU
		{3829100E-1C21-900D-D103-19F23D29DF2A}.Release|Any CPU.ActiveCfg = Release|Any CPU
		{3829100E-1C21-900D-D103-19F23D29DF2A}.Release|Any CPU.Build.0 = Release|Any CPU
		{845CEA1E-A54C-50FB-5CFB-BA004D9DC480}.Debug|Any CPU.ActiveCfg = Debug|Any CPU
		{845CEA1E-A54C-50FB-5CFB-BA004D9DC480}.Debug|Any CPU.Build.0 = Debug|Any CPU
		{845CEA1E-A54C-50FB-5CFB-BA004D9DC480}.Release|Any CPU.ActiveCfg = Release|Any CPU
		{845CEA1E-A54C-50FB-5CFB-BA004D9DC480}.Release|Any CPU.Build.0 = Release|Any CPU
		{1E30BCA5-5A5D-7AAF-C6A5-3D6B71666599}.Debug|Any CPU.ActiveCfg = Debug|Any CPU
		{1E30BCA5-5A5D-7AAF-C6A5-3D6B71666599}.Debug|Any CPU.Build.0 = Debug|Any CPU
		{1E30BCA5-5A5D-7AAF-C6A5-3D6B71666599}.Release|Any CPU.ActiveCfg = Release|Any CPU
		{1E30BCA5-5A5D-7AAF-C6A5-3D6B71666599}.Release|Any CPU.Build.0 = Release|Any CPU
		{E1600B9B-399F-17D2-036E-81BE8C7DAF92}.Debug|Any CPU.ActiveCfg = Debug|Any CPU
		{E1600B9B-399F-17D2-036E-81BE8C7DAF92}.Debug|Any CPU.Build.0 = Debug|Any CPU
		{E1600B9B-399F-17D2-036E-81BE8C7DAF92}.Release|Any CPU.ActiveCfg = Release|Any CPU
		{E1600B9B-399F-17D2-036E-81BE8C7DAF92}.Release|Any CPU.Build.0 = Release|Any CPU
		{D22E9815-8315-BEA0-48EC-18A0FB9C7554}.Debug|Any CPU.ActiveCfg = Debug|Any CPU
		{D22E9815-8315-BEA0-48EC-18A0FB9C7554}.Debug|Any CPU.Build.0 = Debug|Any CPU
		{D22E9815-8315-BEA0-48EC-18A0FB9C7554}.Release|Any CPU.ActiveCfg = Release|Any CPU
		{D22E9815-8315-BEA0-48EC-18A0FB9C7554}.Release|Any CPU.Build.0 = Release|Any CPU
		{79994D74-1340-2684-D95B-53D59ACE3E96}.Debug|Any CPU.ActiveCfg = Debug|Any CPU
		{79994D74-1340-2684-D95B-53D59ACE3E96}.Debug|Any CPU.Build.0 = Debug|Any CPU
		{79994D74-1340-2684-D95B-53D59ACE3E96}.Release|Any CPU.ActiveCfg = Release|Any CPU
		{79994D74-1340-2684-D95B-53D59ACE3E96}.Release|Any CPU.Build.0 = Release|Any CPU
		{07243F60-62E7-D929-F24E-7AD73C560426}.Debug|Any CPU.ActiveCfg = Debug|Any CPU
		{07243F60-62E7-D929-F24E-7AD73C560426}.Debug|Any CPU.Build.0 = Debug|Any CPU
		{07243F60-62E7-D929-F24E-7AD73C560426}.Release|Any CPU.ActiveCfg = Release|Any CPU
		{07243F60-62E7-D929-F24E-7AD73C560426}.Release|Any CPU.Build.0 = Release|Any CPU
		{C37A54FB-70AD-E125-AEE7-FC115675DF92}.Debug|Any CPU.ActiveCfg = Debug|Any CPU
		{C37A54FB-70AD-E125-AEE7-FC115675DF92}.Debug|Any CPU.Build.0 = Debug|Any CPU
		{C37A54FB-70AD-E125-AEE7-FC115675DF92}.Release|Any CPU.ActiveCfg = Release|Any CPU
		{C37A54FB-70AD-E125-AEE7-FC115675DF92}.Release|Any CPU.Build.0 = Release|Any CPU
		{A22AC8A9-A1DE-0AEC-0DEB-18F08EFD58EC}.Debug|Any CPU.ActiveCfg = Debug|Any CPU
		{A22AC8A9-A1DE-0AEC-0DEB-18F08EFD58EC}.Debug|Any CPU.Build.0 = Debug|Any CPU
		{A22AC8A9-A1DE-0AEC-0DEB-18F08EFD58EC}.Release|Any CPU.ActiveCfg = Release|Any CPU
		{A22AC8A9-A1DE-0AEC-0DEB-18F08EFD58EC}.Release|Any CPU.Build.0 = Release|Any CPU
		{00ADBBEC-C3F6-1FA8-FD90-757B92A37957}.Debug|Any CPU.ActiveCfg = Debug|Any CPU
		{00ADBBEC-C3F6-1FA8-FD90-757B92A37957}.Debug|Any CPU.Build.0 = Debug|Any CPU
		{00ADBBEC-C3F6-1FA8-FD90-757B92A37957}.Release|Any CPU.ActiveCfg = Release|Any CPU
		{00ADBBEC-C3F6-1FA8-FD90-757B92A37957}.Release|Any CPU.Build.0 = Release|Any CPU
		{789D94FD-BA86-6B21-3AB0-5BC2C32EDE0E}.Debug|Any CPU.ActiveCfg = Debug|Any CPU
		{789D94FD-BA86-6B21-3AB0-5BC2C32EDE0E}.Debug|Any CPU.Build.0 = Debug|Any CPU
		{789D94FD-BA86-6B21-3AB0-5BC2C32EDE0E}.Release|Any CPU.ActiveCfg = Release|Any CPU
		{789D94FD-BA86-6B21-3AB0-5BC2C32EDE0E}.Release|Any CPU.Build.0 = Release|Any CPU
		{2F600571-9975-B701-5F81-CCAE8C310586}.Debug|Any CPU.ActiveCfg = Debug|Any CPU
		{2F600571-9975-B701-5F81-CCAE8C310586}.Debug|Any CPU.Build.0 = Debug|Any CPU
		{2F600571-9975-B701-5F81-CCAE8C310586}.Release|Any CPU.ActiveCfg = Release|Any CPU
		{2F600571-9975-B701-5F81-CCAE8C310586}.Release|Any CPU.Build.0 = Release|Any CPU
		{F82A7ABA-106B-5277-C38A-984F0B1439C7}.Debug|Any CPU.ActiveCfg = Debug|Any CPU
		{F82A7ABA-106B-5277-C38A-984F0B1439C7}.Debug|Any CPU.Build.0 = Debug|Any CPU
		{F82A7ABA-106B-5277-C38A-984F0B1439C7}.Release|Any CPU.ActiveCfg = Release|Any CPU
		{F82A7ABA-106B-5277-C38A-984F0B1439C7}.Release|Any CPU.Build.0 = Release|Any CPU
		{CA31545B-8660-FBDB-F968-D4B15DE076C8}.Debug|Any CPU.ActiveCfg = Debug|Any CPU
		{CA31545B-8660-FBDB-F968-D4B15DE076C8}.Debug|Any CPU.Build.0 = Debug|Any CPU
		{CA31545B-8660-FBDB-F968-D4B15DE076C8}.Release|Any CPU.ActiveCfg = Release|Any CPU
		{CA31545B-8660-FBDB-F968-D4B15DE076C8}.Release|Any CPU.Build.0 = Release|Any CPU
		{5F469DEF-ECF8-C271-B8ED-09E285A7FAFA}.Debug|Any CPU.ActiveCfg = Debug|Any CPU
		{5F469DEF-ECF8-C271-B8ED-09E285A7FAFA}.Debug|Any CPU.Build.0 = Debug|Any CPU
		{5F469DEF-ECF8-C271-B8ED-09E285A7FAFA}.Release|Any CPU.ActiveCfg = Release|Any CPU
		{5F469DEF-ECF8-C271-B8ED-09E285A7FAFA}.Release|Any CPU.Build.0 = Release|Any CPU
		{F65FA5E6-3FDE-FD41-9C88-00EE8D86684B}.Debug|Any CPU.ActiveCfg = Debug|Any CPU
		{F65FA5E6-3FDE-FD41-9C88-00EE8D86684B}.Debug|Any CPU.Build.0 = Debug|Any CPU
		{F65FA5E6-3FDE-FD41-9C88-00EE8D86684B}.Release|Any CPU.ActiveCfg = Release|Any CPU
		{F65FA5E6-3FDE-FD41-9C88-00EE8D86684B}.Release|Any CPU.Build.0 = Release|Any CPU
		{EA6212ED-AC2A-996B-76D2-579FF1446981}.Debug|Any CPU.ActiveCfg = Debug|Any CPU
		{EA6212ED-AC2A-996B-76D2-579FF1446981}.Debug|Any CPU.Build.0 = Debug|Any CPU
		{EA6212ED-AC2A-996B-76D2-579FF1446981}.Release|Any CPU.ActiveCfg = Release|Any CPU
		{EA6212ED-AC2A-996B-76D2-579FF1446981}.Release|Any CPU.Build.0 = Release|Any CPU
		{F90A1D43-574B-9476-E3D3-FA0A8ABED7CA}.Debug|Any CPU.ActiveCfg = Debug|Any CPU
		{F90A1D43-574B-9476-E3D3-FA0A8ABED7CA}.Debug|Any CPU.Build.0 = Debug|Any CPU
		{F90A1D43-574B-9476-E3D3-FA0A8ABED7CA}.Release|Any CPU.ActiveCfg = Release|Any CPU
		{F90A1D43-574B-9476-E3D3-FA0A8ABED7CA}.Release|Any CPU.Build.0 = Release|Any CPU
		{F2358429-B960-0424-89B1-B009B844E927}.Debug|Any CPU.ActiveCfg = Debug|Any CPU
		{F2358429-B960-0424-89B1-B009B844E927}.Debug|Any CPU.Build.0 = Debug|Any CPU
		{F2358429-B960-0424-89B1-B009B844E927}.Release|Any CPU.ActiveCfg = Release|Any CPU
		{F2358429-B960-0424-89B1-B009B844E927}.Release|Any CPU.Build.0 = Release|Any CPU
		{87549CB9-1266-F464-DC27-F14B0FE87289}.Debug|Any CPU.ActiveCfg = Debug|Any CPU
		{87549CB9-1266-F464-DC27-F14B0FE87289}.Debug|Any CPU.Build.0 = Debug|Any CPU
		{87549CB9-1266-F464-DC27-F14B0FE87289}.Release|Any CPU.ActiveCfg = Release|Any CPU
		{87549CB9-1266-F464-DC27-F14B0FE87289}.Release|Any CPU.Build.0 = Release|Any CPU
		{B488EA6A-9A99-F5BB-81F0-1C9903F2814F}.Debug|Any CPU.ActiveCfg = Debug|Any CPU
		{B488EA6A-9A99-F5BB-81F0-1C9903F2814F}.Debug|Any CPU.Build.0 = Debug|Any CPU
		{B488EA6A-9A99-F5BB-81F0-1C9903F2814F}.Release|Any CPU.ActiveCfg = Release|Any CPU
		{B488EA6A-9A99-F5BB-81F0-1C9903F2814F}.Release|Any CPU.Build.0 = Release|Any CPU
		{DE2CD588-FE69-A760-2003-36C10C45306E}.Debug|Any CPU.ActiveCfg = Debug|Any CPU
		{DE2CD588-FE69-A760-2003-36C10C45306E}.Debug|Any CPU.Build.0 = Debug|Any CPU
		{DE2CD588-FE69-A760-2003-36C10C45306E}.Release|Any CPU.ActiveCfg = Release|Any CPU
		{DE2CD588-FE69-A760-2003-36C10C45306E}.Release|Any CPU.Build.0 = Release|Any CPU
		{E65AAAFB-7F21-DADC-9B07-55603F192C9C}.Debug|Any CPU.ActiveCfg = Debug|Any CPU
		{E65AAAFB-7F21-DADC-9B07-55603F192C9C}.Debug|Any CPU.Build.0 = Debug|Any CPU
		{E65AAAFB-7F21-DADC-9B07-55603F192C9C}.Release|Any CPU.ActiveCfg = Release|Any CPU
		{E65AAAFB-7F21-DADC-9B07-55603F192C9C}.Release|Any CPU.Build.0 = Release|Any CPU
		{2FE6AAC4-A7AF-6BFE-549C-DE27F34CA8E8}.Debug|Any CPU.ActiveCfg = Debug|Any CPU
		{2FE6AAC4-A7AF-6BFE-549C-DE27F34CA8E8}.Debug|Any CPU.Build.0 = Debug|Any CPU
		{2FE6AAC4-A7AF-6BFE-549C-DE27F34CA8E8}.Release|Any CPU.ActiveCfg = Release|Any CPU
		{2FE6AAC4-A7AF-6BFE-549C-DE27F34CA8E8}.Release|Any CPU.Build.0 = Release|Any CPU
		{EE5F2A5B-EE1C-F0E1-399F-A9715960E0EE}.Debug|Any CPU.ActiveCfg = Debug|Any CPU
		{EE5F2A5B-EE1C-F0E1-399F-A9715960E0EE}.Debug|Any CPU.Build.0 = Debug|Any CPU
		{EE5F2A5B-EE1C-F0E1-399F-A9715960E0EE}.Release|Any CPU.ActiveCfg = Release|Any CPU
		{EE5F2A5B-EE1C-F0E1-399F-A9715960E0EE}.Release|Any CPU.Build.0 = Release|Any CPU
		{437DA88E-E575-5D16-C2B9-8E4CC2F9FA15}.Debug|Any CPU.ActiveCfg = Debug|Any CPU
		{437DA88E-E575-5D16-C2B9-8E4CC2F9FA15}.Debug|Any CPU.Build.0 = Debug|Any CPU
		{437DA88E-E575-5D16-C2B9-8E4CC2F9FA15}.Release|Any CPU.ActiveCfg = Release|Any CPU
		{437DA88E-E575-5D16-C2B9-8E4CC2F9FA15}.Release|Any CPU.Build.0 = Release|Any CPU
		{23DFF570-AD2B-4F39-1DA3-E663CC105D04}.Debug|Any CPU.ActiveCfg = Debug|Any CPU
		{23DFF570-AD2B-4F39-1DA3-E663CC105D04}.Debug|Any CPU.Build.0 = Debug|Any CPU
		{23DFF570-AD2B-4F39-1DA3-E663CC105D04}.Release|Any CPU.ActiveCfg = Release|Any CPU
		{23DFF570-AD2B-4F39-1DA3-E663CC105D04}.Release|Any CPU.Build.0 = Release|Any CPU
		{1D283038-7564-7C41-34EE-FEC364D430FB}.Debug|Any CPU.ActiveCfg = Debug|Any CPU
		{1D283038-7564-7C41-34EE-FEC364D430FB}.Debug|Any CPU.Build.0 = Debug|Any CPU
		{1D283038-7564-7C41-34EE-FEC364D430FB}.Release|Any CPU.ActiveCfg = Release|Any CPU
		{1D283038-7564-7C41-34EE-FEC364D430FB}.Release|Any CPU.Build.0 = Release|Any CPU
		{054EE548-B9D5-07DE-DA88-BF80C3E5BF16}.Debug|Any CPU.ActiveCfg = Debug|Any CPU
		{054EE548-B9D5-07DE-DA88-BF80C3E5BF16}.Debug|Any CPU.Build.0 = Debug|Any CPU
		{054EE548-B9D5-07DE-DA88-BF80C3E5BF16}.Release|Any CPU.ActiveCfg = Release|Any CPU
		{054EE548-B9D5-07DE-DA88-BF80C3E5BF16}.Release|Any CPU.Build.0 = Release|Any CPU
		{D1185EE6-2445-2E00-8D18-DEB3FD24A965}.Debug|Any CPU.ActiveCfg = Debug|Any CPU
		{D1185EE6-2445-2E00-8D18-DEB3FD24A965}.Debug|Any CPU.Build.0 = Debug|Any CPU
		{D1185EE6-2445-2E00-8D18-DEB3FD24A965}.Release|Any CPU.ActiveCfg = Release|Any CPU
		{D1185EE6-2445-2E00-8D18-DEB3FD24A965}.Release|Any CPU.Build.0 = Release|Any CPU
		{746C9B4E-B270-5216-E32E-1D938AA8A42D}.Debug|Any CPU.ActiveCfg = Debug|Any CPU
		{746C9B4E-B270-5216-E32E-1D938AA8A42D}.Debug|Any CPU.Build.0 = Debug|Any CPU
		{746C9B4E-B270-5216-E32E-1D938AA8A42D}.Release|Any CPU.ActiveCfg = Release|Any CPU
		{746C9B4E-B270-5216-E32E-1D938AA8A42D}.Release|Any CPU.Build.0 = Release|Any CPU
		{BA1FC677-2BD3-74FA-16F0-1282340FB155}.Debug|Any CPU.ActiveCfg = Debug|Any CPU
		{BA1FC677-2BD3-74FA-16F0-1282340FB155}.Debug|Any CPU.Build.0 = Debug|Any CPU
		{BA1FC677-2BD3-74FA-16F0-1282340FB155}.Release|Any CPU.ActiveCfg = Release|Any CPU
		{BA1FC677-2BD3-74FA-16F0-1282340FB155}.Release|Any CPU.Build.0 = Release|Any CPU
		{3F017B6B-0324-2057-0838-15B787A95AB5}.Debug|Any CPU.ActiveCfg = Debug|Any CPU
		{3F017B6B-0324-2057-0838-15B787A95AB5}.Debug|Any CPU.Build.0 = Debug|Any CPU
		{3F017B6B-0324-2057-0838-15B787A95AB5}.Release|Any CPU.ActiveCfg = Release|Any CPU
		{3F017B6B-0324-2057-0838-15B787A95AB5}.Release|Any CPU.Build.0 = Release|Any CPU
		{4DC49B7F-98DD-6C7E-17CB-FAC16A6B0ADC}.Debug|Any CPU.ActiveCfg = Debug|Any CPU
		{4DC49B7F-98DD-6C7E-17CB-FAC16A6B0ADC}.Debug|Any CPU.Build.0 = Debug|Any CPU
		{4DC49B7F-98DD-6C7E-17CB-FAC16A6B0ADC}.Release|Any CPU.ActiveCfg = Release|Any CPU
		{4DC49B7F-98DD-6C7E-17CB-FAC16A6B0ADC}.Release|Any CPU.Build.0 = Release|Any CPU
		{8957F40D-9DFD-2D56-46AC-0BEDD5BA2C04}.Debug|Any CPU.ActiveCfg = Debug|Any CPU
		{8957F40D-9DFD-2D56-46AC-0BEDD5BA2C04}.Debug|Any CPU.Build.0 = Debug|Any CPU
		{8957F40D-9DFD-2D56-46AC-0BEDD5BA2C04}.Release|Any CPU.ActiveCfg = Release|Any CPU
		{8957F40D-9DFD-2D56-46AC-0BEDD5BA2C04}.Release|Any CPU.Build.0 = Release|Any CPU
		{BF54160B-B0F0-6F55-D965-AD22270F9C68}.Debug|Any CPU.ActiveCfg = Debug|Any CPU
		{BF54160B-B0F0-6F55-D965-AD22270F9C68}.Debug|Any CPU.Build.0 = Debug|Any CPU
		{BF54160B-B0F0-6F55-D965-AD22270F9C68}.Release|Any CPU.ActiveCfg = Release|Any CPU
		{BF54160B-B0F0-6F55-D965-AD22270F9C68}.Release|Any CPU.Build.0 = Release|Any CPU
		{D9770E40-BAD2-668D-4B5E-FB194FAC0A15}.Debug|Any CPU.ActiveCfg = Debug|Any CPU
		{D9770E40-BAD2-668D-4B5E-FB194FAC0A15}.Debug|Any CPU.Build.0 = Debug|Any CPU
		{D9770E40-BAD2-668D-4B5E-FB194FAC0A15}.Release|Any CPU.ActiveCfg = Release|Any CPU
		{D9770E40-BAD2-668D-4B5E-FB194FAC0A15}.Release|Any CPU.Build.0 = Release|Any CPU
		{32271029-66F9-E035-D4A8-56C0591F5385}.Debug|Any CPU.ActiveCfg = Debug|Any CPU
		{32271029-66F9-E035-D4A8-56C0591F5385}.Debug|Any CPU.Build.0 = Debug|Any CPU
		{32271029-66F9-E035-D4A8-56C0591F5385}.Release|Any CPU.ActiveCfg = Release|Any CPU
		{32271029-66F9-E035-D4A8-56C0591F5385}.Release|Any CPU.Build.0 = Release|Any CPU
	EndGlobalSection
	GlobalSection(SolutionProperties) = preSolution
		HideSolutionNode = FALSE
	EndGlobalSection
EndGlobal
